
Microsoft Visual Studio Solution File, Format Version 12.00
# Visual Studio Version 17
VisualStudioVersion = 17.9.34622.214
MinimumVisualStudioVersion = 10.0.40219.1
Project("{9A19103F-16F7-4668-BE54-9A1E7A4F7556}") = "BlazorWithRedux", "BlazorWithRedux.csproj", "{F014AC2E-74CB-48E8-BDC6-BCBDEF6ABCA5}"
EndProject
Global
	GlobalSection(SolutionConfigurationPlatforms) = preSolution
		Debug|Any CPU = Debug|Any CPU
		Release|Any CPU = Release|Any CPU
	EndGlobalSection
	GlobalSection(ProjectConfigurationPlatforms) = postSolution
		{F014AC2E-74CB-48E8-BDC6-BCBDEF6ABCA5}.Debug|Any CPU.ActiveCfg = Debug|Any CPU
		{F014AC2E-74CB-48E8-BDC6-BCBDEF6ABCA5}.Debug|Any CPU.Build.0 = Debug|Any CPU
		{F014AC2E-74CB-48E8-BDC6-BCBDEF6ABCA5}.Release|Any CPU.ActiveCfg = Release|Any CPU
		{F014AC2E-74CB-48E8-BDC6-BCBDEF6ABCA5}.Release|Any CPU.Build.0 = Release|Any CPU
	EndGlobalSection
	GlobalSection(SolutionProperties) = preSolution
		HideSolutionNode = FALSE
	EndGlobalSection
	GlobalSection(ExtensibilityGlobals) = postSolution
		SolutionGuid = {8B49C8B0-2BC5-4531-8815-0B5B267D2AF9}
	EndGlobalSection
EndGlobal
